
Microsoft Visual Studio Solution File, Format Version 12.00
# Visual Studio Version 17
VisualStudioVersion = 17.7.34221.43
MinimumVisualStudioVersion = 10.0.40219.1
Project("{FAE04EC0-301F-11D3-BF4B-00C04F79EFBC}") = "Asssignment6.1", "Asssignment6.1\Asssignment6.1.csproj", "{B1FF5EC7-05A4-4B97-89D4-019ACFD06856}"
EndProject
Global
	GlobalSection(SolutionConfigurationPlatforms) = preSolution
		Debug|Any CPU = Debug|Any CPU
		Release|Any CPU = Release|Any CPU
	EndGlobalSection
	GlobalSection(ProjectConfigurationPlatforms) = postSolution
		{B1FF5EC7-05A4-4B97-89D4-019ACFD06856}.Debug|Any CPU.ActiveCfg = Debug|Any CPU
		{B1FF5EC7-05A4-4B97-89D4-019ACFD06856}.Debug|Any CPU.Build.0 = Debug|Any CPU
		{B1FF5EC7-05A4-4B97-89D4-019ACFD06856}.Release|Any CPU.ActiveCfg = Release|Any CPU
		{B1FF5EC7-05A4-4B97-89D4-019ACFD06856}.Release|Any CPU.Build.0 = Release|Any CPU
	EndGlobalSection
	GlobalSection(SolutionProperties) = preSolution
		HideSolutionNode = FALSE
	EndGlobalSection
	GlobalSection(ExtensibilityGlobals) = postSolution
		SolutionGuid = {3F464755-942A-428E-A8AA-4298AE2DA372}
	EndGlobalSection
EndGlobal
